
Microsoft Visual Studio Solution File, Format Version 12.00
# Visual Studio Version 17
VisualStudioVersion = 17.5.002.0
MinimumVisualStudioVersion = 10.0.40219.1
Project("{9A19103F-16F7-4668-BE54-9A1E7A4F7556}") = "caso_de_usuarios", "caso_de_usuarios.csproj", "{FB1ACF86-E085-4A30-90C2-EB4D7C0A3666}"
EndProject
Global
	GlobalSection(SolutionConfigurationPlatforms) = preSolution
		Debug|Any CPU = Debug|Any CPU
		Release|Any CPU = Release|Any CPU
	EndGlobalSection
	GlobalSection(ProjectConfigurationPlatforms) = postSolution
		{FB1ACF86-E085-4A30-90C2-EB4D7C0A3666}.Debug|Any CPU.ActiveCfg = Debug|Any CPU
		{FB1ACF86-E085-4A30-90C2-EB4D7C0A3666}.Debug|Any CPU.Build.0 = Debug|Any CPU
		{FB1ACF86-E085-4A30-90C2-EB4D7C0A3666}.Release|Any CPU.ActiveCfg = Release|Any CPU
		{FB1ACF86-E085-4A30-90C2-EB4D7C0A3666}.Release|Any CPU.Build.0 = Release|Any CPU
	EndGlobalSection
	GlobalSection(SolutionProperties) = preSolution
		HideSolutionNode = FALSE
	EndGlobalSection
	GlobalSection(ExtensibilityGlobals) = postSolution
		SolutionGuid = {E4B84F2C-64C9-4FB2-A430-859EB83F8406}
	EndGlobalSection
EndGlobal
